// !$*UTF8*$!
{
	archiveVersion = 1;
	classes = {
	};
	objectVersion = 55;
	objects = {

/* Begin PBXBuildFile section */
		AD5EA50426E9B97A00B2E94D /* AppDelegate.swift in Sources */ = {isa = PBXBuildFile; fileRef = AD5EA50326E9B97A00B2E94D /* AppDelegate.swift */; };
		AD5EA50626E9B97A00B2E94D /* SceneDelegate.swift in Sources */ = {isa = PBXBuildFile; fileRef = AD5EA50526E9B97A00B2E94D /* SceneDelegate.swift */; };
		AD5EA50826E9B97A00B2E94D /* ViewController.swift in Sources */ = {isa = PBXBuildFile; fileRef = AD5EA50726E9B97A00B2E94D /* ViewController.swift */; };
		AD5EA50B26E9B97A00B2E94D /* Main.storyboard in Resources */ = {isa = PBXBuildFile; fileRef = AD5EA50926E9B97A00B2E94D /* Main.storyboard */; };
		AD5EA50E26E9B97A00B2E94D /* horizontal.xcdatamodeld in Sources */ = {isa = PBXBuildFile; fileRef = AD5EA50C26E9B97A00B2E94D /* horizontal.xcdatamodeld */; };
		AD5EA51026E9B97C00B2E94D /* Assets.xcassets in Resources */ = {isa = PBXBuildFile; fileRef = AD5EA50F26E9B97C00B2E94D /* Assets.xcassets */; };
		AD5EA51326E9B97C00B2E94D /* LaunchScreen.storyboard in Resources */ = {isa = PBXBuildFile; fileRef = AD5EA51126E9B97C00B2E94D /* LaunchScreen.storyboard */; };
		AD5EA51E26E9B97C00B2E94D /* horizontalTests.swift in Sources */ = {isa = PBXBuildFile; fileRef = AD5EA51D26E9B97C00B2E94D /* horizontalTests.swift */; };
		AD5EA52826E9B97C00B2E94D /* horizontalUITests.swift in Sources */ = {isa = PBXBuildFile; fileRef = AD5EA52726E9B97C00B2E94D /* horizontalUITests.swift */; };
		AD5EA53526E9BA6600B2E94D /* CollectionViewCell.swift in Sources */ = {isa = PBXBuildFile; fileRef = AD5EA53426E9BA6600B2E94D /* CollectionViewCell.swift */; };
/* End PBXBuildFile section */

/* Begin PBXContainerItemProxy section */
		AD5EA51A26E9B97C00B2E94D /* PBXContainerItemProxy */ = {
			isa = PBXContainerItemProxy;
			containerPortal = AD5EA4F826E9B97A00B2E94D /* Project object */;
			proxyType = 1;
			remoteGlobalIDString = AD5EA4FF26E9B97A00B2E94D;
			remoteInfo = horizontal;
		};
		AD5EA52426E9B97C00B2E94D /* PBXContainerItemProxy */ = {
			isa = PBXContainerItemProxy;
			containerPortal = AD5EA4F826E9B97A00B2E94D /* Project object */;
			proxyType = 1;
			remoteGlobalIDString = AD5EA4FF26E9B97A00B2E94D;
			remoteInfo = horizontal;
		};
/* End PBXContainerItemProxy section */

/* Begin PBXFileReference section */
		AD5EA50026E9B97A00B2E94D /* horizontal.app */ = {isa = PBXFileReference; explicitFileType = wrapper.application; includeInIndex = 0; path = horizontal.app; sourceTree = BUILT_PRODUCTS_DIR; };
		AD5EA50326E9B97A00B2E94D /* AppDelegate.swift */ = {isa = PBXFileReference; lastKnownFileType = sourcecode.swift; path = AppDelegate.swift; sourceTree = "<group>"; };
		AD5EA50526E9B97A00B2E94D /* SceneDelegate.swift */ = {isa = PBXFileReference; lastKnownFileType = sourcecode.swift; path = SceneDelegate.swift; sourceTree = "<group>"; };
		AD5EA50726E9B97A00B2E94D /* ViewController.swift */ = {isa = PBXFileReference; lastKnownFileType = sourcecode.swift; path = ViewController.swift; sourceTree = "<group>"; };
		AD5EA50A26E9B97A00B2E94D /* Base */ = {isa = PBXFileReference; lastKnownFileType = file.storyboard; name = Base; path = Base.lproj/Main.storyboard; sourceTree = "<group>"; };
		AD5EA50D26E9B97A00B2E94D /* horizontal.xcdatamodel */ = {isa = PBXFileReference; lastKnownFileType = wrapper.xcdatamodel; path = horizontal.xcdatamodel; sourceTree = "<group>"; };
		AD5EA50F26E9B97C00B2E94D /* Assets.xcassets */ = {isa = PBXFileReference; lastKnownFileType = folder.assetcatalog; path = Assets.xcassets; sourceTree = "<group>"; };
		AD5EA51226E9B97C00B2E94D /* Base */ = {isa = PBXFileReference; lastKnownFileType = file.storyboard; name = Base; path = Base.lproj/LaunchScreen.storyboard; sourceTree = "<group>"; };
		AD5EA51426E9B97C00B2E94D /* Info.plist */ = {isa = PBXFileReference; lastKnownFileType = text.plist.xml; path = Info.plist; sourceTree = "<group>"; };
		AD5EA51926E9B97C00B2E94D /* horizontalTests.xctest */ = {isa = PBXFileReference; explicitFileType = wrapper.cfbundle; includeInIndex = 0; path = horizontalTests.xctest; sourceTree = BUILT_PRODUCTS_DIR; };
		AD5EA51D26E9B97C00B2E94D /* horizontalTests.swift */ = {isa = PBXFileReference; lastKnownFileType = sourcecode.swift; path = horizontalTests.swift; sourceTree = "<group>"; };
		AD5EA52326E9B97C00B2E94D /* horizontalUITests.xctest */ = {isa = PBXFileReference; explicitFileType = wrapper.cfbundle; includeInIndex = 0; path = horizontalUITests.xctest; sourceTree = BUILT_PRODUCTS_DIR; };
		AD5EA52726E9B97C00B2E94D /* horizontalUITests.swift */ = {isa = PBXFileReference; lastKnownFileType = sourcecode.swift; path = horizontalUITests.swift; sourceTree = "<group>"; };
		AD5EA53426E9BA6600B2E94D /* CollectionViewCell.swift */ = {isa = PBXFileReference; lastKnownFileType = sourcecode.swift; path = CollectionViewCell.swift; sourceTree = "<group>"; };
/* End PBXFileReference section */

/* Begin PBXFrameworksBuildPhase section */
		AD5EA4FD26E9B97A00B2E94D /* Frameworks */ = {
			isa = PBXFrameworksBuildPhase;
			buildActionMask = 2147483647;
			files = (
			);
			runOnlyForDeploymentPostprocessing = 0;
		};
		AD5EA51626E9B97C00B2E94D /* Frameworks */ = {
			isa = PBXFrameworksBuildPhase;
			buildActionMask = 2147483647;
			files = (
			);
			runOnlyForDeploymentPostprocessing = 0;
		};
		AD5EA52026E9B97C00B2E94D /* Frameworks */ = {
			isa = PBXFrameworksBuildPhase;
			buildActionMask = 2147483647;
			files = (
			);
			runOnlyForDeploymentPostprocessing = 0;
		};
/* End PBXFrameworksBuildPhase section */

/* Begin PBXGroup section */
		AD5EA4F726E9B97A00B2E94D = {
			isa = PBXGroup;
			children = (
				AD5EA50226E9B97A00B2E94D /* horizontal */,
				AD5EA51C26E9B97C00B2E94D /* horizontalTests */,
				AD5EA52626E9B97C00B2E94D /* horizontalUITests */,
				AD5EA50126E9B97A00B2E94D /* Products */,
			);
			sourceTree = "<group>";
		};
		AD5EA50126E9B97A00B2E94D /* Products */ = {
			isa = PBXGroup;
			children = (
				AD5EA50026E9B97A00B2E94D /* horizontal.app */,
				AD5EA51926E9B97C00B2E94D /* horizontalTests.xctest */,
				AD5EA52326E9B97C00B2E94D /* horizontalUITests.xctest */,
			);
			name = Products;
			sourceTree = "<group>";
		};
		AD5EA50226E9B97A00B2E94D /* horizontal */ = {
			isa = PBXGroup;
			children = (
				AD5EA50326E9B97A00B2E94D /* AppDelegate.swift */,
				AD5EA50526E9B97A00B2E94D /* SceneDelegate.swift */,
				AD5EA50926E9B97A00B2E94D /* Main.storyboard */,
				AD5EA53426E9BA6600B2E94D /* CollectionViewCell.swift */,
				AD5EA50726E9B97A00B2E94D /* ViewController.swift */,
				AD5EA50F26E9B97C00B2E94D /* Assets.xcassets */,
				AD5EA51126E9B97C00B2E94D /* LaunchScreen.storyboard */,
				AD5EA51426E9B97C00B2E94D /* Info.plist */,
				AD5EA50C26E9B97A00B2E94D /* horizontal.xcdatamodeld */,
			);
			path = horizontal;
			sourceTree = "<group>";
		};
		AD5EA51C26E9B97C00B2E94D /* horizontalTests */ = {
			isa = PBXGroup;
			children = (
				AD5EA51D26E9B97C00B2E94D /* horizontalTests.swift */,
			);
			path = horizontalTests;
			sourceTree = "<group>";
		};
		AD5EA52626E9B97C00B2E94D /* horizontalUITests */ = {
			isa = PBXGroup;
			children = (
				AD5EA52726E9B97C00B2E94D /* horizontalUITests.swift */,
			);
			path = horizontalUITests;
			sourceTree = "<group>";
		};
/* End PBXGroup section */

/* Begin PBXNativeTarget section */
		AD5EA4FF26E9B97A00B2E94D /* horizontal */ = {
			isa = PBXNativeTarget;
			buildConfigurationList = AD5EA52B26E9B97C00B2E94D /* Build configuration list for PBXNativeTarget "horizontal" */;
			buildPhases = (
				AD5EA4FC26E9B97A00B2E94D /* Sources */,
				AD5EA4FD26E9B97A00B2E94D /* Frameworks */,
				AD5EA4FE26E9B97A00B2E94D /* Resources */,
			);
			buildRules = (
			);
			dependencies = (
			);
			name = horizontal;
			productName = horizontal;
			productReference = AD5EA50026E9B97A00B2E94D /* horizontal.app */;
			productType = "com.apple.product-type.application";
		};
		AD5EA51826E9B97C00B2E94D /* horizontalTests */ = {
			isa = PBXNativeTarget;
			buildConfigurationList = AD5EA52E26E9B97C00B2E94D /* Build configuration list for PBXNativeTarget "horizontalTests" */;
			buildPhases = (
				AD5EA51526E9B97C00B2E94D /* Sources */,
				AD5EA51626E9B97C00B2E94D /* Frameworks */,
				AD5EA51726E9B97C00B2E94D /* Resources */,
			);
			buildRules = (
			);
			dependencies = (
				AD5EA51B26E9B97C00B2E94D /* PBXTargetDependency */,
			);
			name = horizontalTests;
			productName = horizontalTests;
			productReference = AD5EA51926E9B97C00B2E94D /* horizontalTests.xctest */;
			productType = "com.apple.product-type.bundle.unit-test";
		};
		AD5EA52226E9B97C00B2E94D /* horizontalUITests */ = {
			isa = PBXNativeTarget;
			buildConfigurationList = AD5EA53126E9B97C00B2E94D /* Build configuration list for PBXNativeTarget "horizontalUITests" */;
			buildPhases = (
				AD5EA51F26E9B97C00B2E94D /* Sources */,
				AD5EA52026E9B97C00B2E94D /* Frameworks */,
				AD5EA52126E9B97C00B2E94D /* Resources */,
			);
			buildRules = (
			);
			dependencies = (
				AD5EA52526E9B97C00B2E94D /* PBXTargetDependency */,
			);
			name = horizontalUITests;
			productName = horizontalUITests;
			productReference = AD5EA52326E9B97C00B2E94D /* horizontalUITests.xctest */;
			productType = "com.apple.product-type.bundle.ui-testing";
		};
/* End PBXNativeTarget section */

/* Begin PBXProject section */
		AD5EA4F826E9B97A00B2E94D /* Project object */ = {
			isa = PBXProject;
			attributes = {
				BuildIndependentTargetsInParallel = 1;
				LastSwiftUpdateCheck = 1300;
				LastUpgradeCheck = 1300;
				TargetAttributes = {
					AD5EA4FF26E9B97A00B2E94D = {
						CreatedOnToolsVersion = 13.0;
					};
					AD5EA51826E9B97C00B2E94D = {
						CreatedOnToolsVersion = 13.0;
						TestTargetID = AD5EA4FF26E9B97A00B2E94D;
					};
					AD5EA52226E9B97C00B2E94D = {
						CreatedOnToolsVersion = 13.0;
						TestTargetID = AD5EA4FF26E9B97A00B2E94D;
					};
				};
			};
			buildConfigurationList = AD5EA4FB26E9B97A00B2E94D /* Build configuration list for PBXProject "horizontal" */;
			compatibilityVersion = "Xcode 13.0";
			developmentRegion = en;
			hasScannedForEncodings = 0;
			knownRegions = (
				en,
				Base,
			);
			mainGroup = AD5EA4F726E9B97A00B2E94D;
			productRefGroup = AD5EA50126E9B97A00B2E94D /* Products */;
			projectDirPath = "";
			projectRoot = "";
			targets = (
				AD5EA4FF26E9B97A00B2E94D /* horizontal */,
				AD5EA51826E9B97C00B2E94D /* horizontalTests */,
				AD5EA52226E9B97C00B2E94D /* horizontalUITests */,
			);
		};
/* End PBXProject section */

/* Begin PBXResourcesBuildPhase section */
		AD5EA4FE26E9B97A00B2E94D /* Resources */ = {
			isa = PBXResourcesBuildPhase;
			buildActionMask = 2147483647;
			files = (
				AD5EA51326E9B97C00B2E94D /* LaunchScreen.storyboard in Resources */,
				AD5EA51026E9B97C00B2E94D /* Assets.xcassets in Resources */,
				AD5EA50B26E9B97A00B2E94D /* Main.storyboard in Resources */,
			);
			runOnlyForDeploymentPostprocessing = 0;
		};
		AD5EA51726E9B97C00B2E94D /* Resources */ = {
			isa = PBXResourcesBuildPhase;
			buildActionMask = 2147483647;
			files = (
			);
			runOnlyForDeploymentPostprocessing = 0;
		};
		AD5EA52126E9B97C00B2E94D /* Resources */ = {
			isa = PBXResourcesBuildPhase;
			buildActionMask = 2147483647;
			files = (
			);
			runOnlyForDeploymentPostprocessing = 0;
		};
/* End PBXResourcesBuildPhase section */

/* Begin PBXSourcesBuildPhase section */
		AD5EA4FC26E9B97A00B2E94D /* Sources */ = {
			isa = PBXSourcesBuildPhase;
			buildActionMask = 2147483647;
			files = (
				AD5EA53526E9BA6600B2E94D /* CollectionViewCell.swift in Sources */,
				AD5EA50826E9B97A00B2E94D /* ViewController.swift in Sources */,
				AD5EA50E26E9B97A00B2E94D /* horizontal.xcdatamodeld in Sources */,
				AD5EA50426E9B97A00B2E94D /* AppDelegate.swift in Sources */,
				AD5EA50626E9B97A00B2E94D /* SceneDelegate.swift in Sources */,
			);
			runOnlyForDeploymentPostprocessing = 0;
		};
		AD5EA51526E9B97C00B2E94D /* Sources */ = {
			isa = PBXSourcesBuildPhase;
			buildActionMask = 2147483647;
			files = (
				AD5EA51E26E9B97C00B2E94D /* horizontalTests.swift in Sources */,
			);
			runOnlyForDeploymentPostprocessing = 0;
		};
		AD5EA51F26E9B97C00B2E94D /* Sources */ = {
			isa = PBXSourcesBuildPhase;
			buildActionMask = 2147483647;
			files = (
				AD5EA52826E9B97C00B2E94D /* horizontalUITests.swift in Sources */,
			);
			runOnlyForDeploymentPostprocessing = 0;
		};
/* End PBXSourcesBuildPhase section */

/* Begin PBXTargetDependency section */
		AD5EA51B26E9B97C00B2E94D /* PBXTargetDependency */ = {
			isa = PBXTargetDependency;
			target = AD5EA4FF26E9B97A00B2E94D /* horizontal */;
			targetProxy = AD5EA51A26E9B97C00B2E94D /* PBXContainerItemProxy */;
		};
		AD5EA52526E9B97C00B2E94D /* PBXTargetDependency */ = {
			isa = PBXTargetDependency;
			target = AD5EA4FF26E9B97A00B2E94D /* horizontal */;
			targetProxy = AD5EA52426E9B97C00B2E94D /* PBXContainerItemProxy */;
		};
/* End PBXTargetDependency section */

/* Begin PBXVariantGroup section */
		AD5EA50926E9B97A00B2E94D /* Main.storyboard */ = {
			isa = PBXVariantGroup;
			children = (
				AD5EA50A26E9B97A00B2E94D /* Base */,
			);
			name = Main.storyboard;
			sourceTree = "<group>";
		};
		AD5EA51126E9B97C00B2E94D /* LaunchScreen.storyboard */ = {
			isa = PBXVariantGroup;
			children = (
				AD5EA51226E9B97C00B2E94D /* Base */,
			);
			name = LaunchScreen.storyboard;
			sourceTree = "<group>";
		};
/* End PBXVariantGroup section */

/* Begin XCBuildConfiguration section */
		AD5EA52926E9B97C00B2E94D /* Debug */ = {
			isa = XCBuildConfiguration;
			buildSettings = {
				ALWAYS_SEARCH_USER_PATHS = NO;
				CLANG_ANALYZER_NONNULL = YES;
				CLANG_ANALYZER_NUMBER_OBJECT_CONVERSION = YES_AGGRESSIVE;
				CLANG_CXX_LANGUAGE_STANDARD = "gnu++17";
				CLANG_CXX_LIBRARY = "libc++";
				CLANG_ENABLE_MODULES = YES;
				CLANG_ENABLE_OBJC_ARC = YES;
				CLANG_ENABLE_OBJC_WEAK = YES;
				CLANG_WARN_BLOCK_CAPTURE_AUTORELEASING = YES;
				CLANG_WARN_BOOL_CONVERSION = YES;
				CLANG_WARN_COMMA = YES;
				CLANG_WARN_CONSTANT_CONVERSION = YES;
				CLANG_WARN_DEPRECATED_OBJC_IMPLEMENTATIONS = YES;
				CLANG_WARN_DIRECT_OBJC_ISA_USAGE = YES_ERROR;
				CLANG_WARN_DOCUMENTATION_COMMENTS = YES;
				CLANG_WARN_EMPTY_BODY = YES;
				CLANG_WARN_ENUM_CONVERSION = YES;
				CLANG_WARN_INFINITE_RECURSION = YES;
				CLANG_WARN_INT_CONVERSION = YES;
				CLANG_WARN_NON_LITERAL_NULL_CONVERSION = YES;
				CLANG_WARN_OBJC_IMPLICIT_RETAIN_SELF = YES;
				CLANG_WARN_OBJC_LITERAL_CONVERSION = YES;
				CLANG_WARN_OBJC_ROOT_CLASS = YES_ERROR;
				CLANG_WARN_QUOTED_INCLUDE_IN_FRAMEWORK_HEADER = YES;
				CLANG_WARN_RANGE_LOOP_ANALYSIS = YES;
				CLANG_WARN_STRICT_PROTOTYPES = YES;
				CLANG_WARN_SUSPICIOUS_MOVE = YES;
				CLANG_WARN_UNGUARDED_AVAILABILITY = YES_AGGRESSIVE;
				CLANG_WARN_UNREACHABLE_CODE = YES;
				CLANG_WARN__DUPLICATE_METHOD_MATCH = YES;
				COPY_PHASE_STRIP = NO;
				DEBUG_INFORMATION_FORMAT = dwarf;
				ENABLE_STRICT_OBJC_MSGSEND = YES;
				ENABLE_TESTABILITY = YES;
				GCC_C_LANGUAGE_STANDARD = gnu11;
				GCC_DYNAMIC_NO_PIC = NO;
				GCC_NO_COMMON_BLOCKS = YES;
				GCC_OPTIMIZATION_LEVEL = 0;
				GCC_PREPROCESSOR_DEFINITIONS = (
					"DEBUG=1",
					"$(inherited)",
				);
				GCC_WARN_64_TO_32_BIT_CONVERSION = YES;
				GCC_WARN_ABOUT_RETURN_TYPE = YES_ERROR;
				GCC_WARN_UNDECLARED_SELECTOR = YES;
				GCC_WARN_UNINITIALIZED_AUTOS = YES_AGGRESSIVE;
				GCC_WARN_UNUSED_FUNCTION = YES;
				GCC_WARN_UNUSED_VARIABLE = YES;
				IPHONEOS_DEPLOYMENT_TARGET = 15.0;
				MTL_ENABLE_DEBUG_INFO = INCLUDE_SOURCE;
				MTL_FAST_MATH = YES;
				ONLY_ACTIVE_ARCH = YES;
				SDKROOT = iphoneos;
				SWIFT_ACTIVE_COMPILATION_CONDITIONS = DEBUG;
				SWIFT_OPTIMIZATION_LEVEL = "-Onone";
			};
			name = Debug;
		};
		AD5EA52A26E9B97C00B2E94D /* Release */ = {
			isa = XCBuildConfiguration;
			buildSettings = {
				ALWAYS_SEARCH_USER_PATHS = NO;
				CLANG_ANALYZER_NONNULL = YES;
				CLANG_ANALYZER_NUMBER_OBJECT_CONVERSION = YES_AGGRESSIVE;
				CLANG_CXX_LANGUAGE_STANDARD = "gnu++17";
				CLANG_CXX_LIBRARY = "libc++";
				CLANG_ENABLE_MODULES = YES;
				CLANG_ENABLE_OBJC_ARC = YES;
				CLANG_ENABLE_OBJC_WEAK = YES;
				CLANG_WARN_BLOCK_CAPTURE_AUTORELEASING = YES;
				CLANG_WARN_BOOL_CONVERSION = YES;
				CLANG_WARN_COMMA = YES;
				CLANG_WARN_CONSTANT_CONVERSION = YES;
				CLANG_WARN_DEPRECATED_OBJC_IMPLEMENTATIONS = YES;
				CLANG_WARN_DIRECT_OBJC_ISA_USAGE = YES_ERROR;
				CLANG_WARN_DOCUMENTATION_COMMENTS = YES;
				CLANG_WARN_EMPTY_BODY = YES;
				CLANG_WARN_ENUM_CONVERSION = YES;
				CLANG_WARN_INFINITE_RECURSION = YES;
				CLANG_WARN_INT_CONVERSION = YES;
				CLANG_WARN_NON_LITERAL_NULL_CONVERSION = YES;
				CLANG_WARN_OBJC_IMPLICIT_RETAIN_SELF = YES;
				CLANG_WARN_OBJC_LITERAL_CONVERSION = YES;
				CLANG_WARN_OBJC_ROOT_CLASS = YES_ERROR;
				CLANG_WARN_QUOTED_INCLUDE_IN_FRAMEWORK_HEADER = YES;
				CLANG_WARN_RANGE_LOOP_ANALYSIS = YES;
				CLANG_WARN_STRICT_PROTOTYPES = YES;
				CLANG_WARN_SUSPICIOUS_MOVE = YES;
				CLANG_WARN_UNGUARDED_AVAILABILITY = YES_AGGRESSIVE;
				CLANG_WARN_UNREACHABLE_CODE = YES;
				CLANG_WARN__DUPLICATE_METHOD_MATCH = YES;
				COPY_PHASE_STRIP = NO;
				DEBUG_INFORMATION_FORMAT = "dwarf-with-dsym";
				ENABLE_NS_ASSERTIONS = NO;
				ENABLE_STRICT_OBJC_MSGSEND = YES;
				GCC_C_LANGUAGE_STANDARD = gnu11;
				GCC_NO_COMMON_BLOCKS = YES;
				GCC_WARN_64_TO_32_BIT_CONVERSION = YES;
				GCC_WARN_ABOUT_RETURN_TYPE = YES_ERROR;
				GCC_WARN_UNDECLARED_SELECTOR = YES;
				GCC_WARN_UNINITIALIZED_AUTOS = YES_AGGRESSIVE;
				GCC_WARN_UNUSED_FUNCTION = YES;
				GCC_WARN_UNUSED_VARIABLE = YES;
				IPHONEOS_DEPLOYMENT_TARGET = 15.0;
				MTL_ENABLE_DEBUG_INFO = NO;
				MTL_FAST_MATH = YES;
				SDKROOT = iphoneos;
				SWIFT_COMPILATION_MODE = wholemodule;
				SWIFT_OPTIMIZATION_LEVEL = "-O";
				VALIDATE_PRODUCT = YES;
			};
			name = Release;
		};
		AD5EA52C26E9B97C00B2E94D /* Debug */ = {
			isa = XCBuildConfiguration;
			buildSettings = {
				ASSETCATALOG_COMPILER_APPICON_NAME = AppIcon;
				ASSETCATALOG_COMPILER_GLOBAL_ACCENT_COLOR_NAME = AccentColor;
				CODE_SIGN_STYLE = Automatic;
				CURRENT_PROJECT_VERSION = 1;
				DEVELOPMENT_TEAM = 34926K97KP;
				GENERATE_INFOPLIST_FILE = YES;
				INFOPLIST_FILE = horizontal/Info.plist;
				INFOPLIST_KEY_UIApplicationSupportsIndirectInputEvents = YES;
				INFOPLIST_KEY_UILaunchStoryboardName = LaunchScreen;
				INFOPLIST_KEY_UIMainStoryboardFile = Main;
				INFOPLIST_KEY_UISupportedInterfaceOrientations_iPad = "UIInterfaceOrientationPortrait UIInterfaceOrientationPortraitUpsideDown UIInterfaceOrientationLandscapeLeft UIInterfaceOrientationLandscapeRight";
				INFOPLIST_KEY_UISupportedInterfaceOrientations_iPhone = "UIInterfaceOrientationPortrait UIInterfaceOrientationLandscapeLeft UIInterfaceOrientationLandscapeRight";
				LD_RUNPATH_SEARCH_PATHS = (
					"$(inherited)",
					"@executable_path/Frameworks",
				);
				MARKETING_VERSION = 1.0;
				PRODUCT_BUNDLE_IDENTIFIER = grouphael.horizontal;
				PRODUCT_NAME = "$(TARGET_NAME)";
				SWIFT_EMIT_LOC_STRINGS = YES;
				SWIFT_VERSION = 5.0;
				TARGETED_DEVICE_FAMILY = "1,2";
			};
			name = Debug;
		};
		AD5EA52D26E9B97C00B2E94D /* Release */ = {
			isa = XCBuildConfiguration;
			buildSettings = {
				ASSETCATALOG_COMPILER_APPICON_NAME = AppIcon;
				ASSETCATALOG_COMPILER_GLOBAL_ACCENT_COLOR_NAME = AccentColor;
				CODE_SIGN_STYLE = Automatic;
				CURRENT_PROJECT_VERSION = 1;
				DEVELOPMENT_TEAM = 34926K97KP;
				GENERATE_INFOPLIST_FILE = YES;
				INFOPLIST_FILE = horizontal/Info.plist;
				INFOPLIST_KEY_UIApplicationSupportsIndirectInputEvents = YES;
				INFOPLIST_KEY_UILaunchStoryboardName = LaunchScreen;
				INFOPLIST_KEY_UIMainStoryboardFile = Main;
				INFOPLIST_KEY_UISupportedInterfaceOrientations_iPad = "UIInterfaceOrientationPortrait UIInterfaceOrientationPortraitUpsideDown UIInterfaceOrientationLandscapeLeft UIInterfaceOrientationLandscapeRight";
				INFOPLIST_KEY_UISupportedInterfaceOrientations_iPhone = "UIInterfaceOrientationPortrait UIInterfaceOrientationLandscapeLeft UIInterfaceOrientationLandscapeRight";
				LD_RUNPATH_SEARCH_PATHS = (
					"$(inherited)",
					"@executable_path/Frameworks",
				);
				MARKETING_VERSION = 1.0;
				PRODUCT_BUNDLE_IDENTIFIER = grouphael.horizontal;
				PRODUCT_NAME = "$(TARGET_NAME)";
				SWIFT_EMIT_LOC_STRINGS = YES;
				SWIFT_VERSION = 5.0;
				TARGETED_DEVICE_FAMILY = "1,2";
			};
			name = Release;
		};
		AD5EA52F26E9B97C00B2E94D /* Debug */ = {
			isa = XCBuildConfiguration;
			buildSettings = {
				ALWAYS_EMBED_SWIFT_STANDARD_LIBRARIES = YES;
				BUNDLE_LOADER = "$(TEST_HOST)";
				CODE_SIGN_STYLE = Automatic;
				CURRENT_PROJECT_VERSION = 1;
				DEVELOPMENT_TEAM = 34926K97KP;
				GENERATE_INFOPLIST_FILE = YES;
				IPHONEOS_DEPLOYMENT_TARGET = 15.0;
				LD_RUNPATH_SEARCH_PATHS = (
					"$(inherited)",
					"@executable_path/Frameworks",
					"@loader_path/Frameworks",
				);
				MARKETING_VERSION = 1.0;
				PRODUCT_BUNDLE_IDENTIFIER = grouphael.horizontalTests;
				PRODUCT_NAME = "$(TARGET_NAME)";
				SWIFT_EMIT_LOC_STRINGS = NO;
				SWIFT_VERSION = 5.0;
				TARGETED_DEVICE_FAMILY = "1,2";
				TEST_HOST = "$(BUILT_PRODUCTS_DIR)/horizontal.app/horizontal";
			};
			name = Debug;
		};
		AD5EA53026E9B97C00B2E94D /* Release */ = {
			isa = XCBuildConfiguration;
			buildSettings = {
				ALWAYS_EMBED_SWIFT_STANDARD_LIBRARIES = YES;
				BUNDLE_LOADER = "$(TEST_HOST)";
				CODE_SIGN_STYLE = Automatic;
				CURRENT_PROJECT_VERSION = 1;
				DEVELOPMENT_TEAM = 34926K97KP;
				GENERATE_INFOPLIST_FILE = YES;
				IPHONEOS_DEPLOYMENT_TARGET = 15.0;
				LD_RUNPATH_SEARCH_PATHS = (
					"$(inherited)",
					"@executable_path/Frameworks",
					"@loader_path/Frameworks",
				);
				MARKETING_VERSION = 1.0;
				PRODUCT_BUNDLE_IDENTIFIER = grouphael.horizontalTests;
				PRODUCT_NAME = "$(TARGET_NAME)";
				SWIFT_EMIT_LOC_STRINGS = NO;
				SWIFT_VERSION = 5.0;
				TARGETED_DEVICE_FAMILY = "1,2";
				TEST_HOST = "$(BUILT_PRODUCTS_DIR)/horizontal.app/horizontal";
			};
			name = Release;
		};
		AD5EA53226E9B97C00B2E94D /* Debug */ = {
			isa = XCBuildConfiguration;
			buildSettings = {
				ALWAYS_EMBED_SWIFT_STANDARD_LIBRARIES = YES;
				CODE_SIGN_STYLE = Automatic;
				CURRENT_PROJECT_VERSION = 1;
				DEVELOPMENT_TEAM = 34926K97KP;
				GENERATE_INFOPLIST_FILE = YES;
				LD_RUNPATH_SEARCH_PATHS = (
					"$(inherited)",
					"@executable_path/Frameworks",
					"@loader_path/Frameworks",
				);
				MARKETING_VERSION = 1.0;
				PRODUCT_BUNDLE_IDENTIFIER = grouphael.horizontalUITests;
				PRODUCT_NAME = "$(TARGET_NAME)";
				SWIFT_EMIT_LOC_STRINGS = NO;
				SWIFT_VERSION = 5.0;
				TARGETED_DEVICE_FAMILY = "1,2";
				TEST_TARGET_NAME = horizontal;
			};
			name = Debug;
		};
		AD5EA53326E9B97C00B2E94D /* Release */ = {
			isa = XCBuildConfiguration;
			buildSettings = {
				ALWAYS_EMBED_SWIFT_STANDARD_LIBRARIES = YES;
				CODE_SIGN_STYLE = Automatic;
				CURRENT_PROJECT_VERSION = 1;
				DEVELOPMENT_TEAM = 34926K97KP;
				GENERATE_INFOPLIST_FILE = YES;
				LD_RUNPATH_SEARCH_PATHS = (
					"$(inherited)",
					"@executable_path/Frameworks",
					"@loader_path/Frameworks",
				);
				MARKETING_VERSION = 1.0;
				PRODUCT_BUNDLE_IDENTIFIER = grouphael.horizontalUITests;
				PRODUCT_NAME = "$(TARGET_NAME)";
				SWIFT_EMIT_LOC_STRINGS = NO;
				SWIFT_VERSION = 5.0;
				TARGETED_DEVICE_FAMILY = "1,2";
				TEST_TARGET_NAME = horizontal;
			};
			name = Release;
		};
/* End XCBuildConfiguration section */

/* Begin XCConfigurationList section */
		AD5EA4FB26E9B97A00B2E94D /* Build configuration list for PBXProject "horizontal" */ = {
			isa = XCConfigurationList;
			buildConfigurations = (
				AD5EA52926E9B97C00B2E94D /* Debug */,
				AD5EA52A26E9B97C00B2E94D /* Release */,
			);
			defaultConfigurationIsVisible = 0;
			defaultConfigurationName = Release;
		};
		AD5EA52B26E9B97C00B2E94D /* Build configuration list for PBXNativeTarget "horizontal" */ = {
			isa = XCConfigurationList;
			buildConfigurations = (
				AD5EA52C26E9B97C00B2E94D /* Debug */,
				AD5EA52D26E9B97C00B2E94D /* Release */,
			);
			defaultConfigurationIsVisible = 0;
			defaultConfigurationName = Release;
		};
		AD5EA52E26E9B97C00B2E94D /* Build configuration list for PBXNativeTarget "horizontalTests" */ = {
			isa = XCConfigurationList;
			buildConfigurations = (
				AD5EA52F26E9B97C00B2E94D /* Debug */,
				AD5EA53026E9B97C00B2E94D /* Release */,
			);
			defaultConfigurationIsVisible = 0;
			defaultConfigurationName = Release;
		};
		AD5EA53126E9B97C00B2E94D /* Build configuration list for PBXNativeTarget "horizontalUITests" */ = {
			isa = XCConfigurationList;
			buildConfigurations = (
				AD5EA53226E9B97C00B2E94D /* Debug */,
				AD5EA53326E9B97C00B2E94D /* Release */,
			);
			defaultConfigurationIsVisible = 0;
			defaultConfigurationName = Release;
		};
/* End XCConfigurationList section */

/* Begin XCVersionGroup section */
		AD5EA50C26E9B97A00B2E94D /* horizontal.xcdatamodeld */ = {
			isa = XCVersionGroup;
			children = (
				AD5EA50D26E9B97A00B2E94D /* horizontal.xcdatamodel */,
			);
			currentVersion = AD5EA50D26E9B97A00B2E94D /* horizontal.xcdatamodel */;
			path = horizontal.xcdatamodeld;
			sourceTree = "<group>";
			versionGroupType = wrapper.xcdatamodel;
		};
/* End XCVersionGroup section */
	};
	rootObject = AD5EA4F826E9B97A00B2E94D /* Project object */;
}
